
Microsoft Visual Studio Solution File, Format Version 12.00
# Visual Studio Version 17
VisualStudioVersion = 17.10.35027.167
MinimumVisualStudioVersion = 10.0.40219.1
Project("{8BC9CEB8-8B4A-11D0-8D11-00A0C91BC942}") = "mk61_lexer", "mk61_lexer\mk61_lexer.vcxproj", "{36A6AAA1-A58A-4524-8CB5-5CD2E5AAF19E}"
EndProject
Project("{8BC9CEB8-8B4A-11D0-8D11-00A0C91BC942}") = "cpu", "cpu\cpu.vcxproj", "{42D35DC6-78D2-421C-B20F-D9AFE65814C0}"
EndProject
Project("{9A19103F-16F7-4668-BE54-9A1E7A4F7556}") = "CalcBlazorApp", "CalcBlazorApp\CalcBlazorApp.csproj", "{CCB23511-03ED-494D-BE15-D40021119833}"
EndProject
Global
	GlobalSection(SolutionConfigurationPlatforms) = preSolution
		Debug|Any CPU = Debug|Any CPU
		Debug|x64 = Debug|x64
		Debug|x86 = Debug|x86
		Release|Any CPU = Release|Any CPU
		Release|x64 = Release|x64
		Release|x86 = Release|x86
	EndGlobalSection
	GlobalSection(ProjectConfigurationPlatforms) = postSolution
		{36A6AAA1-A58A-4524-8CB5-5CD2E5AAF19E}.Debug|Any CPU.ActiveCfg = Debug|x64
		{36A6AAA1-A58A-4524-8CB5-5CD2E5AAF19E}.Debug|Any CPU.Build.0 = Debug|x64
		{36A6AAA1-A58A-4524-8CB5-5CD2E5AAF19E}.Debug|x64.ActiveCfg = Debug|x64
		{36A6AAA1-A58A-4524-8CB5-5CD2E5AAF19E}.Debug|x64.Build.0 = Debug|x64
		{36A6AAA1-A58A-4524-8CB5-5CD2E5AAF19E}.Debug|x86.ActiveCfg = Debug|Win32
		{36A6AAA1-A58A-4524-8CB5-5CD2E5AAF19E}.Debug|x86.Build.0 = Debug|Win32
		{36A6AAA1-A58A-4524-8CB5-5CD2E5AAF19E}.Release|Any CPU.ActiveCfg = Release|x64
		{36A6AAA1-A58A-4524-8CB5-5CD2E5AAF19E}.Release|Any CPU.Build.0 = Release|x64
		{36A6AAA1-A58A-4524-8CB5-5CD2E5AAF19E}.Release|x64.ActiveCfg = Release|x64
		{36A6AAA1-A58A-4524-8CB5-5CD2E5AAF19E}.Release|x64.Build.0 = Release|x64
		{36A6AAA1-A58A-4524-8CB5-5CD2E5AAF19E}.Release|x86.ActiveCfg = Release|Win32
		{36A6AAA1-A58A-4524-8CB5-5CD2E5AAF19E}.Release|x86.Build.0 = Release|Win32
		{42D35DC6-78D2-421C-B20F-D9AFE65814C0}.Debug|Any CPU.ActiveCfg = Debug|x64
		{42D35DC6-78D2-421C-B20F-D9AFE65814C0}.Debug|Any CPU.Build.0 = Debug|x64
		{42D35DC6-78D2-421C-B20F-D9AFE65814C0}.Debug|x64.ActiveCfg = Debug|x64
		{42D35DC6-78D2-421C-B20F-D9AFE65814C0}.Debug|x64.Build.0 = Debug|x64
		{42D35DC6-78D2-421C-B20F-D9AFE65814C0}.Debug|x86.ActiveCfg = Debug|Win32
		{42D35DC6-78D2-421C-B20F-D9AFE65814C0}.Debug|x86.Build.0 = Debug|Win32
		{42D35DC6-78D2-421C-B20F-D9AFE65814C0}.Release|Any CPU.ActiveCfg = Release|x64
		{42D35DC6-78D2-421C-B20F-D9AFE65814C0}.Release|Any CPU.Build.0 = Release|x64
		{42D35DC6-78D2-421C-B20F-D9AFE65814C0}.Release|x64.ActiveCfg = Release|x64
		{42D35DC6-78D2-421C-B20F-D9AFE65814C0}.Release|x64.Build.0 = Release|x64
		{42D35DC6-78D2-421C-B20F-D9AFE65814C0}.Release|x86.ActiveCfg = Release|Win32
		{42D35DC6-78D2-421C-B20F-D9AFE65814C0}.Release|x86.Build.0 = Release|Win32
		{CCB23511-03ED-494D-BE15-D40021119833}.Debug|Any CPU.ActiveCfg = Debug|Any CPU
		{CCB23511-03ED-494D-BE15-D40021119833}.Debug|Any CPU.Build.0 = Debug|Any CPU
		{CCB23511-03ED-494D-BE15-D40021119833}.Debug|x64.ActiveCfg = Debug|Any CPU
		{CCB23511-03ED-494D-BE15-D40021119833}.Debug|x64.Build.0 = Debug|Any CPU
		{CCB23511-03ED-494D-BE15-D40021119833}.Debug|x86.ActiveCfg = Debug|Any CPU
		{CCB23511-03ED-494D-BE15-D40021119833}.Debug|x86.Build.0 = Debug|Any CPU
		{CCB23511-03ED-494D-BE15-D40021119833}.Release|Any CPU.ActiveCfg = Release|Any CPU
		{CCB23511-03ED-494D-BE15-D40021119833}.Release|Any CPU.Build.0 = Release|Any CPU
		{CCB23511-03ED-494D-BE15-D40021119833}.Release|x64.ActiveCfg = Release|Any CPU
		{CCB23511-03ED-494D-BE15-D40021119833}.Release|x64.Build.0 = Release|Any CPU
		{CCB23511-03ED-494D-BE15-D40021119833}.Release|x86.ActiveCfg = Release|Any CPU
		{CCB23511-03ED-494D-BE15-D40021119833}.Release|x86.Build.0 = Release|Any CPU
	EndGlobalSection
	GlobalSection(SolutionProperties) = preSolution
		HideSolutionNode = FALSE
	EndGlobalSection
	GlobalSection(ExtensibilityGlobals) = postSolution
		SolutionGuid = {A63360C6-824E-4188-8230-E292BA25CAD4}
	EndGlobalSection
EndGlobal
